
Microsoft Visual Studio Solution File, Format Version 12.00
# Visual Studio Version 17
VisualStudioVersion = 17.6.33829.357
MinimumVisualStudioVersion = 10.0.40219.1
Project("{FAE04EC0-301F-11D3-BF4B-00C04F79EFBC}") = "Bincom_MVC_App", "Bincom_MVC_App.csproj", "{FA393CDE-C2BA-4C7D-AED2-B295710C223F}"
EndProject
Global
	GlobalSection(SolutionConfigurationPlatforms) = preSolution
		Debug|Any CPU = Debug|Any CPU
		Release|Any CPU = Release|Any CPU
	EndGlobalSection
	GlobalSection(ProjectConfigurationPlatforms) = postSolution
		{FA393CDE-C2BA-4C7D-AED2-B295710C223F}.Debug|Any CPU.ActiveCfg = Debug|Any CPU
		{FA393CDE-C2BA-4C7D-AED2-B295710C223F}.Debug|Any CPU.Build.0 = Debug|Any CPU
		{FA393CDE-C2BA-4C7D-AED2-B295710C223F}.Release|Any CPU.ActiveCfg = Release|Any CPU
		{FA393CDE-C2BA-4C7D-AED2-B295710C223F}.Release|Any CPU.Build.0 = Release|Any CPU
	EndGlobalSection
	GlobalSection(SolutionProperties) = preSolution
		HideSolutionNode = FALSE
	EndGlobalSection
	GlobalSection(ExtensibilityGlobals) = postSolution
		SolutionGuid = {4E2592AA-0804-4875-BFD0-6337732FB2AA}
	EndGlobalSection
EndGlobal
